// !$*UTF8*$!
{
	archiveVersion = 1;
	classes = {
	};
	objectVersion = 77;
	objects = {

/* Begin PBXContainerItemProxy section */
		BE45FE4B2DFE1D32007B6CEF /* PBXContainerItemProxy */ = {
			isa = PBXContainerItemProxy;
			containerPortal = BE45FE322DFE1D30007B6CEF /* Project object */;
			proxyType = 1;
			remoteGlobalIDString = BE45FE392DFE1D30007B6CEF;
			remoteInfo = ArcaContinental;
		};
		BE45FE552DFE1D32007B6CEF /* PBXContainerItemProxy */ = {
			isa = PBXContainerItemProxy;
			containerPortal = BE45FE322DFE1D30007B6CEF /* Project object */;
			proxyType = 1;
			remoteGlobalIDString = BE45FE392DFE1D30007B6CEF;
			remoteInfo = ArcaContinental;
		};
/* End PBXContainerItemProxy section */

/* Begin PBXFileReference section */
		BE45FE3A2DFE1D30007B6CEF /* ArcaContinental.app */ = {isa = PBXFileReference; explicitFileType = wrapper.application; includeInIndex = 0; path = ArcaContinental.app; sourceTree = BUILT_PRODUCTS_DIR; };
		BE45FE4A2DFE1D32007B6CEF /* ArcaContinentalTests.xctest */ = {isa = PBXFileReference; explicitFileType = wrapper.cfbundle; includeInIndex = 0; path = ArcaContinentalTests.xctest; sourceTree = BUILT_PRODUCTS_DIR; };
		BE45FE542DFE1D32007B6CEF /* ArcaContinentalUITests.xctest */ = {isa = PBXFileReference; explicitFileType = wrapper.cfbundle; includeInIndex = 0; path = ArcaContinentalUITests.xctest; sourceTree = BUILT_PRODUCTS_DIR; };
/* End PBXFileReference section */

/* Begin PBXFileSystemSynchronizedBuildFileExceptionSet section */
		BE188CD22DFF29D20003630C /* Exceptions for "ArcaContinental" folder in "ArcaContinental" target */ = {
			isa = PBXFileSystemSynchronizedBuildFileExceptionSet;
			membershipExceptions = (
				Info.plist,
			);
			target = BE45FE392DFE1D30007B6CEF /* ArcaContinental */;
		};
/* End PBXFileSystemSynchronizedBuildFileExceptionSet section */

/* Begin PBXFileSystemSynchronizedRootGroup section */
		BE188CA22DFEDAAB0003630C /* ArcaContinental */ = {
			isa = PBXFileSystemSynchronizedRootGroup;
			exceptions = (
				BE188CD22DFF29D20003630C /* Exceptions for "ArcaContinental" folder in "ArcaContinental" target */,
			);
			path = ArcaContinental;
			sourceTree = "<group>";
		};
		BE45FE4D2DFE1D32007B6CEF /* ArcaContinentalTests */ = {
			isa = PBXFileSystemSynchronizedRootGroup;
			path = ArcaContinentalTests;
			sourceTree = "<group>";
		};
		BE45FE572DFE1D32007B6CEF /* ArcaContinentalUITests */ = {
			isa = PBXFileSystemSynchronizedRootGroup;
			path = ArcaContinentalUITests;
			sourceTree = "<group>";
		};
/* End PBXFileSystemSynchronizedRootGroup section */

/* Begin PBXFrameworksBuildPhase section */
		BE45FE372DFE1D30007B6CEF /* Frameworks */ = {
			isa = PBXFrameworksBuildPhase;
			buildActionMask = 2147483647;
			files = (
			);
			runOnlyForDeploymentPostprocessing = 0;
		};
		BE45FE472DFE1D32007B6CEF /* Frameworks */ = {
			isa = PBXFrameworksBuildPhase;
			buildActionMask = 2147483647;
			files = (
			);
			runOnlyForDeploymentPostprocessing = 0;
		};
		BE45FE512DFE1D32007B6CEF /* Frameworks */ = {
			isa = PBXFrameworksBuildPhase;
			buildActionMask = 2147483647;
			files = (
			);
			runOnlyForDeploymentPostprocessing = 0;
		};
/* End PBXFrameworksBuildPhase section */

/* Begin PBXGroup section */
		BE45FE312DFE1D30007B6CEF = {
			isa = PBXGroup;
			children = (
				BE188CA22DFEDAAB0003630C /* ArcaContinental */,
				BE45FE4D2DFE1D32007B6CEF /* ArcaContinentalTests */,
				BE45FE572DFE1D32007B6CEF /* ArcaContinentalUITests */,
				BE45FE3B2DFE1D30007B6CEF /* Products */,
			);
			sourceTree = "<group>";
		};
		BE45FE3B2DFE1D30007B6CEF /* Products */ = {
			isa = PBXGroup;
			children = (
				BE45FE3A2DFE1D30007B6CEF /* ArcaContinental.app */,
				BE45FE4A2DFE1D32007B6CEF /* ArcaContinentalTests.xctest */,
				BE45FE542DFE1D32007B6CEF /* ArcaContinentalUITests.xctest */,
			);
			name = Products;
			sourceTree = "<group>";
		};
/* End PBXGroup section */

/* Begin PBXNativeTarget section */
		BE45FE392DFE1D30007B6CEF /* ArcaContinental */ = {
			isa = PBXNativeTarget;
			buildConfigurationList = BE45FE5E2DFE1D32007B6CEF /* Build configuration list for PBXNativeTarget "ArcaContinental" */;
			buildPhases = (
				BE45FE362DFE1D30007B6CEF /* Sources */,
				BE45FE372DFE1D30007B6CEF /* Frameworks */,
				BE45FE382DFE1D30007B6CEF /* Resources */,
			);
			buildRules = (
			);
			dependencies = (
			);
			fileSystemSynchronizedGroups = (
				BE188CA22DFEDAAB0003630C /* ArcaContinental */,
			);
			name = ArcaContinental;
			packageProductDependencies = (
			);
			productName = ArcaContinental;
			productReference = BE45FE3A2DFE1D30007B6CEF /* ArcaContinental.app */;
			productType = "com.apple.product-type.application";
		};
		BE45FE492DFE1D32007B6CEF /* ArcaContinentalTests */ = {
			isa = PBXNativeTarget;
			buildConfigurationList = BE45FE612DFE1D32007B6CEF /* Build configuration list for PBXNativeTarget "ArcaContinentalTests" */;
			buildPhases = (
				BE45FE462DFE1D32007B6CEF /* Sources */,
				BE45FE472DFE1D32007B6CEF /* Frameworks */,
				BE45FE482DFE1D32007B6CEF /* Resources */,
			);
			buildRules = (
			);
			dependencies = (
				BE45FE4C2DFE1D32007B6CEF /* PBXTargetDependency */,
			);
			fileSystemSynchronizedGroups = (
				BE45FE4D2DFE1D32007B6CEF /* ArcaContinentalTests */,
			);
			name = ArcaContinentalTests;
			packageProductDependencies = (
			);
			productName = ArcaContinentalTests;
			productReference = BE45FE4A2DFE1D32007B6CEF /* ArcaContinentalTests.xctest */;
			productType = "com.apple.product-type.bundle.unit-test";
		};
		BE45FE532DFE1D32007B6CEF /* ArcaContinentalUITests */ = {
			isa = PBXNativeTarget;
			buildConfigurationList = BE45FE642DFE1D32007B6CEF /* Build configuration list for PBXNativeTarget "ArcaContinentalUITests" */;
			buildPhases = (
				BE45FE502DFE1D32007B6CEF /* Sources */,
				BE45FE512DFE1D32007B6CEF /* Frameworks */,
				BE45FE522DFE1D32007B6CEF /* Resources */,
			);
			buildRules = (
			);
			dependencies = (
				BE45FE562DFE1D32007B6CEF /* PBXTargetDependency */,
			);
			fileSystemSynchronizedGroups = (
				BE45FE572DFE1D32007B6CEF /* ArcaContinentalUITests */,
			);
			name = ArcaContinentalUITests;
			packageProductDependencies = (
			);
			productName = ArcaContinentalUITests;
			productReference = BE45FE542DFE1D32007B6CEF /* ArcaContinentalUITests.xctest */;
			productType = "com.apple.product-type.bundle.ui-testing";
		};
/* End PBXNativeTarget section */

/* Begin PBXProject section */
		BE45FE322DFE1D30007B6CEF /* Project object */ = {
			isa = PBXProject;
			attributes = {
				BuildIndependentTargetsInParallel = 1;
				LastSwiftUpdateCheck = 1620;
				LastUpgradeCheck = 1620;
				TargetAttributes = {
					BE45FE392DFE1D30007B6CEF = {
						CreatedOnToolsVersion = 16.2;
					};
					BE45FE492DFE1D32007B6CEF = {
						CreatedOnToolsVersion = 16.2;
						TestTargetID = BE45FE392DFE1D30007B6CEF;
					};
					BE45FE532DFE1D32007B6CEF = {
						CreatedOnToolsVersion = 16.2;
						TestTargetID = BE45FE392DFE1D30007B6CEF;
					};
				};
			};
			buildConfigurationList = BE45FE352DFE1D30007B6CEF /* Build configuration list for PBXProject "ArcaContinental" */;
			developmentRegion = en;
			hasScannedForEncodings = 0;
			knownRegions = (
				en,
				Base,
			);
			mainGroup = BE45FE312DFE1D30007B6CEF;
			minimizedProjectReferenceProxies = 1;
			preferredProjectObjectVersion = 77;
			productRefGroup = BE45FE3B2DFE1D30007B6CEF /* Products */;
			projectDirPath = "";
			projectRoot = "";
			targets = (
				BE45FE392DFE1D30007B6CEF /* ArcaContinental */,
				BE45FE492DFE1D32007B6CEF /* ArcaContinentalTests */,
				BE45FE532DFE1D32007B6CEF /* ArcaContinentalUITests */,
			);
		};
/* End PBXProject section */

/* Begin PBXResourcesBuildPhase section */
		BE45FE382DFE1D30007B6CEF /* Resources */ = {
			isa = PBXResourcesBuildPhase;
			buildActionMask = 2147483647;
			files = (
			);
			runOnlyForDeploymentPostprocessing = 0;
		};
		BE45FE482DFE1D32007B6CEF /* Resources */ = {
			isa = PBXResourcesBuildPhase;
			buildActionMask = 2147483647;
			files = (
			);
			runOnlyForDeploymentPostprocessing = 0;
		};
		BE45FE522DFE1D32007B6CEF /* Resources */ = {
			isa = PBXResourcesBuildPhase;
			buildActionMask = 2147483647;
			files = (
			);
			runOnlyForDeploymentPostprocessing = 0;
		};
/* End PBXResourcesBuildPhase section */

/* Begin PBXSourcesBuildPhase section */
		BE45FE362DFE1D30007B6CEF /* Sources */ = {
			isa = PBXSourcesBuildPhase;
			buildActionMask = 2147483647;
			files = (
			);
			runOnlyForDeploymentPostprocessing = 0;
		};
		BE45FE462DFE1D32007B6CEF /* Sources */ = {
			isa = PBXSourcesBuildPhase;
			buildActionMask = 2147483647;
			files = (
			);
			runOnlyForDeploymentPostprocessing = 0;
		};
		BE45FE502DFE1D32007B6CEF /* Sources */ = {
			isa = PBXSourcesBuildPhase;
			buildActionMask = 2147483647;
			files = (
			);
			runOnlyForDeploymentPostprocessing = 0;
		};
/* End PBXSourcesBuildPhase section */

/* Begin PBXTargetDependency section */
		BE45FE4C2DFE1D32007B6CEF /* PBXTargetDependency */ = {
			isa = PBXTargetDependency;
			target = BE45FE392DFE1D30007B6CEF /* ArcaContinental */;
			targetProxy = BE45FE4B2DFE1D32007B6CEF /* PBXContainerItemProxy */;
		};
		BE45FE562DFE1D32007B6CEF /* PBXTargetDependency */ = {
			isa = PBXTargetDependency;
			target = BE45FE392DFE1D30007B6CEF /* ArcaContinental */;
			targetProxy = BE45FE552DFE1D32007B6CEF /* PBXContainerItemProxy */;
		};
/* End PBXTargetDependency section */

/* Begin XCBuildConfiguration section */
		BE45FE5C2DFE1D32007B6CEF /* Debug */ = {
			isa = XCBuildConfiguration;
			buildSettings = {
				ALWAYS_SEARCH_USER_PATHS = NO;
				ASSETCATALOG_COMPILER_GENERATE_SWIFT_ASSET_SYMBOL_EXTENSIONS = YES;
				CLANG_ANALYZER_NONNULL = YES;
				CLANG_ANALYZER_NUMBER_OBJECT_CONVERSION = YES_AGGRESSIVE;
				CLANG_CXX_LANGUAGE_STANDARD = "gnu++20";
				CLANG_ENABLE_MODULES = YES;
				CLANG_ENABLE_OBJC_ARC = YES;
				CLANG_ENABLE_OBJC_WEAK = YES;
				CLANG_WARN_BLOCK_CAPTURE_AUTORELEASING = YES;
				CLANG_WARN_BOOL_CONVERSION = YES;
				CLANG_WARN_COMMA = YES;
				CLANG_WARN_CONSTANT_CONVERSION = YES;
				CLANG_WARN_DEPRECATED_OBJC_IMPLEMENTATIONS = YES;
				CLANG_WARN_DIRECT_OBJC_ISA_USAGE = YES_ERROR;
				CLANG_WARN_DOCUMENTATION_COMMENTS = YES;
				CLANG_WARN_EMPTY_BODY = YES;
				CLANG_WARN_ENUM_CONVERSION = YES;
				CLANG_WARN_INFINITE_RECURSION = YES;
				CLANG_WARN_INT_CONVERSION = YES;
				CLANG_WARN_NON_LITERAL_NULL_CONVERSION = YES;
				CLANG_WARN_OBJC_IMPLICIT_RETAIN_SELF = YES;
				CLANG_WARN_OBJC_LITERAL_CONVERSION = YES;
				CLANG_WARN_OBJC_ROOT_CLASS = YES_ERROR;
				CLANG_WARN_QUOTED_INCLUDE_IN_FRAMEWORK_HEADER = YES;
				CLANG_WARN_RANGE_LOOP_ANALYSIS = YES;
				CLANG_WARN_STRICT_PROTOTYPES = YES;
				CLANG_WARN_SUSPICIOUS_MOVE = YES;
				CLANG_WARN_UNGUARDED_AVAILABILITY = YES_AGGRESSIVE;
				CLANG_WARN_UNREACHABLE_CODE = YES;
				CLANG_WARN__DUPLICATE_METHOD_MATCH = YES;
				COPY_PHASE_STRIP = NO;
				DEBUG_INFORMATION_FORMAT = dwarf;
				ENABLE_STRICT_OBJC_MSGSEND = YES;
				ENABLE_TESTABILITY = YES;
				ENABLE_USER_SCRIPT_SANDBOXING = YES;
				GCC_C_LANGUAGE_STANDARD = gnu17;
				GCC_DYNAMIC_NO_PIC = NO;
				GCC_NO_COMMON_BLOCKS = YES;
				GCC_OPTIMIZATION_LEVEL = 0;
				GCC_PREPROCESSOR_DEFINITIONS = (
					"DEBUG=1",
					"$(inherited)",
				);
				GCC_WARN_64_TO_32_BIT_CONVERSION = YES;
				GCC_WARN_ABOUT_RETURN_TYPE = YES_ERROR;
				GCC_WARN_UNDECLARED_SELECTOR = YES;
				GCC_WARN_UNINITIALIZED_AUTOS = YES_AGGRESSIVE;
				GCC_WARN_UNUSED_FUNCTION = YES;
				GCC_WARN_UNUSED_VARIABLE = YES;
				IPHONEOS_DEPLOYMENT_TARGET = 18.2;
				LOCALIZATION_PREFERS_STRING_CATALOGS = YES;
				MTL_ENABLE_DEBUG_INFO = INCLUDE_SOURCE;
				MTL_FAST_MATH = YES;
				ONLY_ACTIVE_ARCH = YES;
				SDKROOT = iphoneos;
				SWIFT_ACTIVE_COMPILATION_CONDITIONS = "DEBUG $(inherited)";
				SWIFT_OPTIMIZATION_LEVEL = "-Onone";
			};
			name = Debug;
		};
		BE45FE5D2DFE1D32007B6CEF /* Release */ = {
			isa = XCBuildConfiguration;
			buildSettings = {
				ALWAYS_SEARCH_USER_PATHS = NO;
				ASSETCATALOG_COMPILER_GENERATE_SWIFT_ASSET_SYMBOL_EXTENSIONS = YES;
				CLANG_ANALYZER_NONNULL = YES;
				CLANG_ANALYZER_NUMBER_OBJECT_CONVERSION = YES_AGGRESSIVE;
				CLANG_CXX_LANGUAGE_STANDARD = "gnu++20";
				CLANG_ENABLE_MODULES = YES;
				CLANG_ENABLE_OBJC_ARC = YES;
				CLANG_ENABLE_OBJC_WEAK = YES;
				CLANG_WARN_BLOCK_CAPTURE_AUTORELEASING = YES;
				CLANG_WARN_BOOL_CONVERSION = YES;
				CLANG_WARN_COMMA = YES;
				CLANG_WARN_CONSTANT_CONVERSION = YES;
				CLANG_WARN_DEPRECATED_OBJC_IMPLEMENTATIONS = YES;
				CLANG_WARN_DIRECT_OBJC_ISA_USAGE = YES_ERROR;
				CLANG_WARN_DOCUMENTATION_COMMENTS = YES;
				CLANG_WARN_EMPTY_BODY = YES;
				CLANG_WARN_ENUM_CONVERSION = YES;
				CLANG_WARN_INFINITE_RECURSION = YES;
				CLANG_WARN_INT_CONVERSION = YES;
				CLANG_WARN_NON_LITERAL_NULL_CONVERSION = YES;
				CLANG_WARN_OBJC_IMPLICIT_RETAIN_SELF = YES;
				CLANG_WARN_OBJC_LITERAL_CONVERSION = YES;
				CLANG_WARN_OBJC_ROOT_CLASS = YES_ERROR;
				CLANG_WARN_QUOTED_INCLUDE_IN_FRAMEWORK_HEADER = YES;
				CLANG_WARN_RANGE_LOOP_ANALYSIS = YES;
				CLANG_WARN_STRICT_PROTOTYPES = YES;
				CLANG_WARN_SUSPICIOUS_MOVE = YES;
				CLANG_WARN_UNGUARDED_AVAILABILITY = YES_AGGRESSIVE;
				CLANG_WARN_UNREACHABLE_CODE = YES;
				CLANG_WARN__DUPLICATE_METHOD_MATCH = YES;
				COPY_PHASE_STRIP = NO;
				DEBUG_INFORMATION_FORMAT = "dwarf-with-dsym";
				ENABLE_NS_ASSERTIONS = NO;
				ENABLE_STRICT_OBJC_MSGSEND = YES;
				ENABLE_USER_SCRIPT_SANDBOXING = YES;
				GCC_C_LANGUAGE_STANDARD = gnu17;
				GCC_NO_COMMON_BLOCKS = YES;
				GCC_WARN_64_TO_32_BIT_CONVERSION = YES;
				GCC_WARN_ABOUT_RETURN_TYPE = YES_ERROR;
				GCC_WARN_UNDECLARED_SELECTOR = YES;
				GCC_WARN_UNINITIALIZED_AUTOS = YES_AGGRESSIVE;
				GCC_WARN_UNUSED_FUNCTION = YES;
				GCC_WARN_UNUSED_VARIABLE = YES;
				IPHONEOS_DEPLOYMENT_TARGET = 18.2;
				LOCALIZATION_PREFERS_STRING_CATALOGS = YES;
				MTL_ENABLE_DEBUG_INFO = NO;
				MTL_FAST_MATH = YES;
				SDKROOT = iphoneos;
				SWIFT_COMPILATION_MODE = wholemodule;
				VALIDATE_PRODUCT = YES;
			};
			name = Release;
		};
		BE45FE5F2DFE1D32007B6CEF /* Debug */ = {
			isa = XCBuildConfiguration;
			buildSettings = {
				ASSETCATALOG_COMPILER_APPICON_NAME = AppIcon;
				ASSETCATALOG_COMPILER_GLOBAL_ACCENT_COLOR_NAME = AccentColor;
				CODE_SIGN_STYLE = Automatic;
				CURRENT_PROJECT_VERSION = 1;
				DEVELOPMENT_ASSET_PATHS = "\"ArcaContinental/Preview Content\"";
				DEVELOPMENT_TEAM = 7K34F5DV7Z;
				ENABLE_PREVIEWS = YES;
				GENERATE_INFOPLIST_FILE = YES;
				INFOPLIST_FILE = ArcaContinental/Info.plist;
				INFOPLIST_KEY_NSCameraUsageDescription = "";
				INFOPLIST_KEY_NSMicrophoneUsageDescription = "";
				INFOPLIST_KEY_UIApplicationSceneManifest_Generation = YES;
				INFOPLIST_KEY_UIApplicationSupportsIndirectInputEvents = YES;
				INFOPLIST_KEY_UILaunchScreen_Generation = YES;
				INFOPLIST_KEY_UISupportedInterfaceOrientations_iPad = "UIInterfaceOrientationPortrait UIInterfaceOrientationPortraitUpsideDown UIInterfaceOrientationLandscapeLeft UIInterfaceOrientationLandscapeRight";
				INFOPLIST_KEY_UISupportedInterfaceOrientations_iPhone = "UIInterfaceOrientationPortrait UIInterfaceOrientationLandscapeLeft UIInterfaceOrientationLandscapeRight";
				LD_RUNPATH_SEARCH_PATHS = (
					"$(inherited)",
					"@executable_path/Frameworks",
				);
				MARKETING_VERSION = 1.0;
				PRODUCT_BUNDLE_IDENTIFIER = DamarisB.ArcaContinental;
				PRODUCT_NAME = "$(TARGET_NAME)";
				SWIFT_EMIT_LOC_STRINGS = YES;
				SWIFT_VERSION = 5.0;
				TARGETED_DEVICE_FAMILY = "1,2";
			};
			name = Debug;
		};
		BE45FE602DFE1D32007B6CEF /* Release */ = {
			isa = XCBuildConfiguration;
			buildSettings = {
				ASSETCATALOG_COMPILER_APPICON_NAME = AppIcon;
				ASSETCATALOG_COMPILER_GLOBAL_ACCENT_COLOR_NAME = AccentColor;
				CODE_SIGN_STYLE = Automatic;
				CURRENT_PROJECT_VERSION = 1;
				DEVELOPMENT_ASSET_PATHS = "\"ArcaContinental/Preview Content\"";
				DEVELOPMENT_TEAM = 7K34F5DV7Z;
				ENABLE_PREVIEWS = YES;
				GENERATE_INFOPLIST_FILE = YES;
				INFOPLIST_FILE = ArcaContinental/Info.plist;
				INFOPLIST_KEY_NSCameraUsageDescription = "";
				INFOPLIST_KEY_NSMicrophoneUsageDescription = "";
				INFOPLIST_KEY_UIApplicationSceneManifest_Generation = YES;
				INFOPLIST_KEY_UIApplicationSupportsIndirectInputEvents = YES;
				INFOPLIST_KEY_UILaunchScreen_Generation = YES;
				INFOPLIST_KEY_UISupportedInterfaceOrientations_iPad = "UIInterfaceOrientationPortrait UIInterfaceOrientationPortraitUpsideDown UIInterfaceOrientationLandscapeLeft UIInterfaceOrientationLandscapeRight";
				INFOPLIST_KEY_UISupportedInterfaceOrientations_iPhone = "UIInterfaceOrientationPortrait UIInterfaceOrientationLandscapeLeft UIInterfaceOrientationLandscapeRight";
				LD_RUNPATH_SEARCH_PATHS = (
					"$(inherited)",
					"@executable_path/Frameworks",
				);
				MARKETING_VERSION = 1.0;
				PRODUCT_BUNDLE_IDENTIFIER = DamarisB.ArcaContinental;
				PRODUCT_NAME = "$(TARGET_NAME)";
				SWIFT_EMIT_LOC_STRINGS = YES;
				SWIFT_VERSION = 5.0;
				TARGETED_DEVICE_FAMILY = "1,2";
			};
			name = Release;
		};
		BE45FE622DFE1D32007B6CEF /* Debug */ = {
			isa = XCBuildConfiguration;
			buildSettings = {
				BUNDLE_LOADER = "$(TEST_HOST)";
				CODE_SIGN_STYLE = Automatic;
				CURRENT_PROJECT_VERSION = 1;
				GENERATE_INFOPLIST_FILE = YES;
				IPHONEOS_DEPLOYMENT_TARGET = 18.2;
				MARKETING_VERSION = 1.0;
				PRODUCT_BUNDLE_IDENTIFIER = DamarisB.ArcaContinentalTests;
				PRODUCT_NAME = "$(TARGET_NAME)";
				SWIFT_EMIT_LOC_STRINGS = NO;
				SWIFT_VERSION = 5.0;
				TARGETED_DEVICE_FAMILY = "1,2";
				TEST_HOST = "$(BUILT_PRODUCTS_DIR)/ArcaContinental.app/$(BUNDLE_EXECUTABLE_FOLDER_PATH)/ArcaContinental";
			};
			name = Debug;
		};
		BE45FE632DFE1D32007B6CEF /* Release */ = {
			isa = XCBuildConfiguration;
			buildSettings = {
				BUNDLE_LOADER = "$(TEST_HOST)";
				CODE_SIGN_STYLE = Automatic;
				CURRENT_PROJECT_VERSION = 1;
				GENERATE_INFOPLIST_FILE = YES;
				IPHONEOS_DEPLOYMENT_TARGET = 18.2;
				MARKETING_VERSION = 1.0;
				PRODUCT_BUNDLE_IDENTIFIER = DamarisB.ArcaContinentalTests;
				PRODUCT_NAME = "$(TARGET_NAME)";
				SWIFT_EMIT_LOC_STRINGS = NO;
				SWIFT_VERSION = 5.0;
				TARGETED_DEVICE_FAMILY = "1,2";
				TEST_HOST = "$(BUILT_PRODUCTS_DIR)/ArcaContinental.app/$(BUNDLE_EXECUTABLE_FOLDER_PATH)/ArcaContinental";
			};
			name = Release;
		};
		BE45FE652DFE1D32007B6CEF /* Debug */ = {
			isa = XCBuildConfiguration;
			buildSettings = {
				CODE_SIGN_STYLE = Automatic;
				CURRENT_PROJECT_VERSION = 1;
				GENERATE_INFOPLIST_FILE = YES;
				MARKETING_VERSION = 1.0;
				PRODUCT_BUNDLE_IDENTIFIER = DamarisB.ArcaContinentalUITests;
				PRODUCT_NAME = "$(TARGET_NAME)";
				SWIFT_EMIT_LOC_STRINGS = NO;
				SWIFT_VERSION = 5.0;
				TARGETED_DEVICE_FAMILY = "1,2";
				TEST_TARGET_NAME = ArcaContinental;
			};
			name = Debug;
		};
		BE45FE662DFE1D32007B6CEF /* Release */ = {
			isa = XCBuildConfiguration;
			buildSettings = {
				CODE_SIGN_STYLE = Automatic;
				CURRENT_PROJECT_VERSION = 1;
				GENERATE_INFOPLIST_FILE = YES;
				MARKETING_VERSION = 1.0;
				PRODUCT_BUNDLE_IDENTIFIER = DamarisB.ArcaContinentalUITests;
				PRODUCT_NAME = "$(TARGET_NAME)";
				SWIFT_EMIT_LOC_STRINGS = NO;
				SWIFT_VERSION = 5.0;
				TARGETED_DEVICE_FAMILY = "1,2";
				TEST_TARGET_NAME = ArcaContinental;
			};
			name = Release;
		};
/* End XCBuildConfiguration section */

/* Begin XCConfigurationList section */
		BE45FE352DFE1D30007B6CEF /* Build configuration list for PBXProject "ArcaContinental" */ = {
			isa = XCConfigurationList;
			buildConfigurations = (
				BE45FE5C2DFE1D32007B6CEF /* Debug */,
				BE45FE5D2DFE1D32007B6CEF /* Release */,
			);
			defaultConfigurationIsVisible = 0;
			defaultConfigurationName = Release;
		};
		BE45FE5E2DFE1D32007B6CEF /* Build configuration list for PBXNativeTarget "ArcaContinental" */ = {
			isa = XCConfigurationList;
			buildConfigurations = (
				BE45FE5F2DFE1D32007B6CEF /* Debug */,
				BE45FE602DFE1D32007B6CEF /* Release */,
			);
			defaultConfigurationIsVisible = 0;
			defaultConfigurationName = Release;
		};
		BE45FE612DFE1D32007B6CEF /* Build configuration list for PBXNativeTarget "ArcaContinentalTests" */ = {
			isa = XCConfigurationList;
			buildConfigurations = (
				BE45FE622DFE1D32007B6CEF /* Debug */,
				BE45FE632DFE1D32007B6CEF /* Release */,
			);
			defaultConfigurationIsVisible = 0;
			defaultConfigurationName = Release;
		};
		BE45FE642DFE1D32007B6CEF /* Build configuration list for PBXNativeTarget "ArcaContinentalUITests" */ = {
			isa = XCConfigurationList;
			buildConfigurations = (
				BE45FE652DFE1D32007B6CEF /* Debug */,
				BE45FE662DFE1D32007B6CEF /* Release */,
			);
			defaultConfigurationIsVisible = 0;
			defaultConfigurationName = Release;
		};
/* End XCConfigurationList section */
	};
	rootObject = BE45FE322DFE1D30007B6CEF /* Project object */;
}
